
Microsoft Visual Studio Solution File, Format Version 12.00
# Visual Studio Version 17
VisualStudioVersion = 17.8.34330.188
MinimumVisualStudioVersion = 10.0.40219.1
Project("{FAE04EC0-301F-11D3-BF4B-00C04F79EFBC}") = "solutions", "solutions\solutions.csproj", "{234A43F5-7F5C-4301-8886-98F6A1A944C5}"
EndProject
Global
	GlobalSection(SolutionConfigurationPlatforms) = preSolution
		Debug|Any CPU = Debug|Any CPU
		Release|Any CPU = Release|Any CPU
	EndGlobalSection
	GlobalSection(ProjectConfigurationPlatforms) = postSolution
		{234A43F5-7F5C-4301-8886-98F6A1A944C5}.Debug|Any CPU.ActiveCfg = Debug|Any CPU
		{234A43F5-7F5C-4301-8886-98F6A1A944C5}.Debug|Any CPU.Build.0 = Debug|Any CPU
		{234A43F5-7F5C-4301-8886-98F6A1A944C5}.Release|Any CPU.ActiveCfg = Release|Any CPU
		{234A43F5-7F5C-4301-8886-98F6A1A944C5}.Release|Any CPU.Build.0 = Release|Any CPU
	EndGlobalSection
	GlobalSection(SolutionProperties) = preSolution
		HideSolutionNode = FALSE
	EndGlobalSection
	GlobalSection(ExtensibilityGlobals) = postSolution
		SolutionGuid = {AAF612DF-F82C-4B24-A006-02495D8682CF}
	EndGlobalSection
EndGlobal
